
Microsoft Visual Studio Solution File, Format Version 12.00
# Visual Studio Version 17
VisualStudioVersion = 17.5.33530.505
MinimumVisualStudioVersion = 10.0.40219.1
Project("{FAE04EC0-301F-11D3-BF4B-00C04F79EFBC}") = "pw_gen", "pw_gen\pw_gen.csproj", "{56CB71E0-6A09-4912-BEAB-3A93D3B1100F}"
EndProject
Global
	GlobalSection(SolutionConfigurationPlatforms) = preSolution
		Debug|Any CPU = Debug|Any CPU
		Release|Any CPU = Release|Any CPU
	EndGlobalSection
	GlobalSection(ProjectConfigurationPlatforms) = postSolution
		{56CB71E0-6A09-4912-BEAB-3A93D3B1100F}.Debug|Any CPU.ActiveCfg = Debug|Any CPU
		{56CB71E0-6A09-4912-BEAB-3A93D3B1100F}.Debug|Any CPU.Build.0 = Debug|Any CPU
		{56CB71E0-6A09-4912-BEAB-3A93D3B1100F}.Release|Any CPU.ActiveCfg = Release|Any CPU
		{56CB71E0-6A09-4912-BEAB-3A93D3B1100F}.Release|Any CPU.Build.0 = Release|Any CPU
	EndGlobalSection
	GlobalSection(SolutionProperties) = preSolution
		HideSolutionNode = FALSE
	EndGlobalSection
	GlobalSection(ExtensibilityGlobals) = postSolution
		SolutionGuid = {7E1E867E-5236-4CCD-9D8D-DAB56669D2C1}
	EndGlobalSection
EndGlobal
